{
  "name": "node_app",
  "version": "1.0.0",
  "lockfileVersion": 1,
  "requires": true,
  "dependencies": {
    "http-status-codes": {
      "version": "1.4.0",
      "resolved": "https://registry.npmjs.org/http-status-codes/-/http-status-codes-1.4.0.tgz",
      "integrity": "sha512-JrT3ua+WgH8zBD3HEJYbeEgnuQaAnUeRRko/YojPAJjGmIfGD3KPU/asLdsLwKjfxOmQe5nXMQ0pt/7MyapVbQ=="
    }
  }
}
